// !$*UTF8*$!
{
	archiveVersion = 1;
	classes = {
	};
	objectVersion = 51;
	objects = {

/* Begin PBXBuildFile section */
		73054726AF2A105DA5440BDA /* Pods_uniTrack.framework in Frameworks */ = {isa = PBXBuildFile; fileRef = 988ACBBA1988D32A139BF8B6 /* Pods_uniTrack.framework */; };
		AC024F46258D65C500790FD8 /* TaskDetailViewController.swift in Sources */ = {isa = PBXBuildFile; fileRef = AC024F44258D65C500790FD8 /* TaskDetailViewController.swift */; };
		AC024F47258D65C500790FD8 /* TaskDetailViewController.xib in Resources */ = {isa = PBXBuildFile; fileRef = AC024F45258D65C500790FD8 /* TaskDetailViewController.xib */; };
		AC024F4B258D65D900790FD8 /* DeadlineDetailViewController.swift in Sources */ = {isa = PBXBuildFile; fileRef = AC024F49258D65D900790FD8 /* DeadlineDetailViewController.swift */; };
		AC024F4C258D65D900790FD8 /* DeadlineDetailViewController.xib in Resources */ = {isa = PBXBuildFile; fileRef = AC024F4A258D65D900790FD8 /* DeadlineDetailViewController.xib */; };
		AC024F55258D793800790FD8 /* DataManager.swift in Sources */ = {isa = PBXBuildFile; fileRef = AC024F54258D793800790FD8 /* DataManager.swift */; };
		AC024F59258D79A900790FD8 /* CrudStrategy.swift in Sources */ = {isa = PBXBuildFile; fileRef = AC024F58258D79A900790FD8 /* CrudStrategy.swift */; };
		AC1792CC2584CB0100AEE111 /* DetailDeadlinesCollectionViewCell.swift in Sources */ = {isa = PBXBuildFile; fileRef = AC1792CA2584CB0100AEE111 /* DetailDeadlinesCollectionViewCell.swift */; };
		AC1792D325869D1400AEE111 /* DetailTodosCollectionViewCell.swift in Sources */ = {isa = PBXBuildFile; fileRef = AC1792D125869D1400AEE111 /* DetailTodosCollectionViewCell.swift */; };
		AC1792D425869D1400AEE111 /* DetailTodosCollectionViewCell.xib in Resources */ = {isa = PBXBuildFile; fileRef = AC1792D225869D1400AEE111 /* DetailTodosCollectionViewCell.xib */; };
		AC1792DC2586BD7600AEE111 /* Deadline.swift in Sources */ = {isa = PBXBuildFile; fileRef = AC1792DB2586BD7600AEE111 /* Deadline.swift */; };
		AC1792DF2586BD8900AEE111 /* Task.swift in Sources */ = {isa = PBXBuildFile; fileRef = AC1792DE2586BD8900AEE111 /* Task.swift */; };
		AC317E16253E107B00DADF91 /* AppDelegate.swift in Sources */ = {isa = PBXBuildFile; fileRef = AC317E15253E107B00DADF91 /* AppDelegate.swift */; };
		AC317E18253E107B00DADF91 /* SceneDelegate.swift in Sources */ = {isa = PBXBuildFile; fileRef = AC317E17253E107B00DADF91 /* SceneDelegate.swift */; };
		AC317E1D253E107B00DADF91 /* Main.storyboard in Resources */ = {isa = PBXBuildFile; fileRef = AC317E1B253E107B00DADF91 /* Main.storyboard */; };
		AC317E1F253E107C00DADF91 /* Assets.xcassets in Resources */ = {isa = PBXBuildFile; fileRef = AC317E1E253E107C00DADF91 /* Assets.xcassets */; };
		AC317E22253E107C00DADF91 /* LaunchScreen.storyboard in Resources */ = {isa = PBXBuildFile; fileRef = AC317E20253E107C00DADF91 /* LaunchScreen.storyboard */; };
		AC317E30253E11C200DADF91 /* DashboardViewController.swift in Sources */ = {isa = PBXBuildFile; fileRef = AC317E2F253E11C200DADF91 /* DashboardViewController.swift */; };
		AC317E34253E11F800DADF91 /* University.swift in Sources */ = {isa = PBXBuildFile; fileRef = AC317E33253E11F800DADF91 /* University.swift */; };
		AC317E3F253F85A100DADF91 /* UniTrack.xcdatamodeld in Sources */ = {isa = PBXBuildFile; fileRef = AC317E3D253F85A100DADF91 /* UniTrack.xcdatamodeld */; };
		AC317E43253F86B000DADF91 /* UniversityStore.swift in Sources */ = {isa = PBXBuildFile; fileRef = AC317E42253F86B000DADF91 /* UniversityStore.swift */; };
		AC317E46253F8DBF00DADF91 /* PersistantService.swift in Sources */ = {isa = PBXBuildFile; fileRef = AC317E45253F8DBF00DADF91 /* PersistantService.swift */; };
		AC4B990825484240005000B4 /* UpComingCollectionViewCell.swift in Sources */ = {isa = PBXBuildFile; fileRef = AC4B990725484240005000B4 /* UpComingCollectionViewCell.swift */; };
		AC59FE63254A23E700032322 /* Inter-Black-slnt=0.ttf in Resources */ = {isa = PBXBuildFile; fileRef = AC59FE5A2548552A00032322 /* Inter-Black-slnt=0.ttf */; };
		AC59FE64254A23E700032322 /* Inter-Bold-slnt=0.ttf in Resources */ = {isa = PBXBuildFile; fileRef = AC59FE582548552A00032322 /* Inter-Bold-slnt=0.ttf */; };
		AC59FE65254A23E700032322 /* Inter-ExtraBold-slnt=0.ttf in Resources */ = {isa = PBXBuildFile; fileRef = AC59FE5E2548552A00032322 /* Inter-ExtraBold-slnt=0.ttf */; };
		AC59FE66254A23E700032322 /* Inter-ExtraLight-slnt=0.ttf in Resources */ = {isa = PBXBuildFile; fileRef = AC59FE592548552A00032322 /* Inter-ExtraLight-slnt=0.ttf */; };
		AC59FE67254A23E700032322 /* Inter-Light-slnt=0.ttf in Resources */ = {isa = PBXBuildFile; fileRef = AC59FE602548552A00032322 /* Inter-Light-slnt=0.ttf */; };
		AC59FE68254A23E700032322 /* Inter-Medium-slnt=0.ttf in Resources */ = {isa = PBXBuildFile; fileRef = AC59FE5B2548552A00032322 /* Inter-Medium-slnt=0.ttf */; };
		AC59FE69254A23E700032322 /* Inter-Regular-slnt=0.ttf in Resources */ = {isa = PBXBuildFile; fileRef = AC59FE5C2548552A00032322 /* Inter-Regular-slnt=0.ttf */; };
		AC59FE6A254A23E700032322 /* Inter-SemiBold-slnt=0.ttf in Resources */ = {isa = PBXBuildFile; fileRef = AC59FE5F2548552A00032322 /* Inter-SemiBold-slnt=0.ttf */; };
		AC59FE6B254A23E700032322 /* Inter-Thin-slnt=0.ttf in Resources */ = {isa = PBXBuildFile; fileRef = AC59FE5D2548552A00032322 /* Inter-Thin-slnt=0.ttf */; };
		AC59FE6E254A25CE00032322 /* DeadlinesCollectionViewCell.swift in Sources */ = {isa = PBXBuildFile; fileRef = AC59FE6D254A25CE00032322 /* DeadlinesCollectionViewCell.swift */; };
		AC5B228525A128DF00E3EA94 /* SelectorSingleView.swift in Sources */ = {isa = PBXBuildFile; fileRef = AC5B228425A128DF00E3EA94 /* SelectorSingleView.swift */; };
		AC5B228825A12DBE00E3EA94 /* OptionSelectionSingleView.xib in Resources */ = {isa = PBXBuildFile; fileRef = AC5B228725A12DBE00E3EA94 /* OptionSelectionSingleView.xib */; };
		AC691CFD2544C77A002D41F7 /* data.json in Resources */ = {isa = PBXBuildFile; fileRef = AC691CFC2544C77A002D41F7 /* data.json */; };
		AC69E92F256C68F400D64083 /* CollegeDetailViewController.swift in Sources */ = {isa = PBXBuildFile; fileRef = AC69E92E256C68F400D64083 /* CollegeDetailViewController.swift */; };
		AC69E937256C6F7500D64083 /* CollegeDetail.storyboard in Resources */ = {isa = PBXBuildFile; fileRef = AC69E936256C6F7500D64083 /* CollegeDetail.storyboard */; };
		AC71C08C258810CC0016AD68 /* AddDeadlineViewController.swift in Sources */ = {isa = PBXBuildFile; fileRef = AC71C08A258810CC0016AD68 /* AddDeadlineViewController.swift */; };
		AC71C08D258810CC0016AD68 /* AddDeadlineViewController.xib in Resources */ = {isa = PBXBuildFile; fileRef = AC71C08B258810CC0016AD68 /* AddDeadlineViewController.xib */; };
		AC71C093258811140016AD68 /* DetailDeadlinesCollectionViewCell.xib in Resources */ = {isa = PBXBuildFile; fileRef = AC71C092258811140016AD68 /* DetailDeadlinesCollectionViewCell.xib */; };
		AC71C098258811330016AD68 /* AddTaskViewController.swift in Sources */ = {isa = PBXBuildFile; fileRef = AC71C096258811330016AD68 /* AddTaskViewController.swift */; };
		AC71C099258811330016AD68 /* AddTaskViewController.xib in Resources */ = {isa = PBXBuildFile; fileRef = AC71C097258811330016AD68 /* AddTaskViewController.xib */; };
		AC7749DF259D3DCE0057BF88 /* CollegeEditViewController.swift in Sources */ = {isa = PBXBuildFile; fileRef = AC7749DE259D3DCE0057BF88 /* CollegeEditViewController.swift */; };
		AC7749E2259D4A8C0057BF88 /* OptionSelectionView.swift in Sources */ = {isa = PBXBuildFile; fileRef = AC7749E1259D4A8C0057BF88 /* OptionSelectionView.swift */; };
		AC7749E6259D4ACC0057BF88 /* OptionSelectionView.xib in Resources */ = {isa = PBXBuildFile; fileRef = AC7749E5259D4ACC0057BF88 /* OptionSelectionView.xib */; };
		AC85976225A9F64000B1E0A9 /* StrikeThroughLabel.swift in Sources */ = {isa = PBXBuildFile; fileRef = AC85976125A9F64000B1E0A9 /* StrikeThroughLabel.swift */; };
		AC9EF9F1254CB80100728162 /* DashBoardCollegesCollectionViewCell.swift in Sources */ = {isa = PBXBuildFile; fileRef = AC9EF9F0254CB80100728162 /* DashBoardCollegesCollectionViewCell.swift */; };
		ACA35EA9258C0C690081D32D /* DynamicCollectionView.swift in Sources */ = {isa = PBXBuildFile; fileRef = ACA35EA8258C0C690081D32D /* DynamicCollectionView.swift */; };
		ACC74C4B2587A6D100AF1254 /* SwipableViewController.swift in Sources */ = {isa = PBXBuildFile; fileRef = ACC74C4A2587A6D100AF1254 /* SwipableViewController.swift */; };
		ACCB170D2543570200D76512 /* UniversityFromJSON.swift in Sources */ = {isa = PBXBuildFile; fileRef = ACCB170C2543570200D76512 /* UniversityFromJSON.swift */; };
		ACD2D5C7258ECA1500619BD4 /* Utilities.swift in Sources */ = {isa = PBXBuildFile; fileRef = ACD2D5C6258ECA1500619BD4 /* Utilities.swift */; };
		ACD2D5CA258ED06300619BD4 /* DetailEditViewController.swift in Sources */ = {isa = PBXBuildFile; fileRef = ACD2D5C9258ED06300619BD4 /* DetailEditViewController.swift */; };
		ACDC6D5A254E1B9F0037DF45 /* MyCollegesViewController.swift in Sources */ = {isa = PBXBuildFile; fileRef = ACDC6D59254E1B9F0037DF45 /* MyCollegesViewController.swift */; };
		ACDC6D62254E1DC10037DF45 /* DesignableButton.swift in Sources */ = {isa = PBXBuildFile; fileRef = ACDC6D60254E1DC10037DF45 /* DesignableButton.swift */; };
		ACDC6D63254E1DC10037DF45 /* DesignableView.swift in Sources */ = {isa = PBXBuildFile; fileRef = ACDC6D61254E1DC10037DF45 /* DesignableView.swift */; };
		ACDC6D67254E1E2A0037DF45 /* addCollege.storyboard in Resources */ = {isa = PBXBuildFile; fileRef = ACDC6D66254E1E2A0037DF45 /* addCollege.storyboard */; };
		ACDC6D6A254E1E690037DF45 /* AddCollegeViewController.swift in Sources */ = {isa = PBXBuildFile; fileRef = ACDC6D69254E1E690037DF45 /* AddCollegeViewController.swift */; };
		ACF886F62560338A004A6830 /* CollegeCollectionViewCell.swift in Sources */ = {isa = PBXBuildFile; fileRef = ACF886F52560338A004A6830 /* CollegeCollectionViewCell.swift */; };
/* End PBXBuildFile section */

/* Begin PBXFileReference section */
		988ACBBA1988D32A139BF8B6 /* Pods_uniTrack.framework */ = {isa = PBXFileReference; explicitFileType = wrapper.framework; includeInIndex = 0; path = Pods_uniTrack.framework; sourceTree = BUILT_PRODUCTS_DIR; };
		AC024F44258D65C500790FD8 /* TaskDetailViewController.swift */ = {isa = PBXFileReference; lastKnownFileType = sourcecode.swift; path = TaskDetailViewController.swift; sourceTree = "<group>"; };
		AC024F45258D65C500790FD8 /* TaskDetailViewController.xib */ = {isa = PBXFileReference; lastKnownFileType = file.xib; path = TaskDetailViewController.xib; sourceTree = "<group>"; };
		AC024F49258D65D900790FD8 /* DeadlineDetailViewController.swift */ = {isa = PBXFileReference; lastKnownFileType = sourcecode.swift; path = DeadlineDetailViewController.swift; sourceTree = "<group>"; };
		AC024F4A258D65D900790FD8 /* DeadlineDetailViewController.xib */ = {isa = PBXFileReference; lastKnownFileType = file.xib; path = DeadlineDetailViewController.xib; sourceTree = "<group>"; };
		AC024F54258D793800790FD8 /* DataManager.swift */ = {isa = PBXFileReference; lastKnownFileType = sourcecode.swift; path = DataManager.swift; sourceTree = "<group>"; };
		AC024F58258D79A900790FD8 /* CrudStrategy.swift */ = {isa = PBXFileReference; lastKnownFileType = sourcecode.swift; path = CrudStrategy.swift; sourceTree = "<group>"; };
		AC1792CA2584CB0100AEE111 /* DetailDeadlinesCollectionViewCell.swift */ = {isa = PBXFileReference; lastKnownFileType = sourcecode.swift; path = DetailDeadlinesCollectionViewCell.swift; sourceTree = "<group>"; };
		AC1792D125869D1400AEE111 /* DetailTodosCollectionViewCell.swift */ = {isa = PBXFileReference; lastKnownFileType = sourcecode.swift; path = DetailTodosCollectionViewCell.swift; sourceTree = "<group>"; };
		AC1792D225869D1400AEE111 /* DetailTodosCollectionViewCell.xib */ = {isa = PBXFileReference; lastKnownFileType = file.xib; path = DetailTodosCollectionViewCell.xib; sourceTree = "<group>"; };
		AC1792DB2586BD7600AEE111 /* Deadline.swift */ = {isa = PBXFileReference; lastKnownFileType = sourcecode.swift; path = Deadline.swift; sourceTree = "<group>"; };
		AC1792DE2586BD8900AEE111 /* Task.swift */ = {isa = PBXFileReference; lastKnownFileType = sourcecode.swift; path = Task.swift; sourceTree = "<group>"; };
		AC317E12253E107B00DADF91 /* uniTrack.app */ = {isa = PBXFileReference; explicitFileType = wrapper.application; includeInIndex = 0; path = uniTrack.app; sourceTree = BUILT_PRODUCTS_DIR; };
		AC317E15253E107B00DADF91 /* AppDelegate.swift */ = {isa = PBXFileReference; lastKnownFileType = sourcecode.swift; path = AppDelegate.swift; sourceTree = "<group>"; };
		AC317E17253E107B00DADF91 /* SceneDelegate.swift */ = {isa = PBXFileReference; lastKnownFileType = sourcecode.swift; path = SceneDelegate.swift; sourceTree = "<group>"; };
		AC317E1C253E107B00DADF91 /* Base */ = {isa = PBXFileReference; lastKnownFileType = file.storyboard; name = Base; path = Base.lproj/Main.storyboard; sourceTree = "<group>"; };
		AC317E1E253E107C00DADF91 /* Assets.xcassets */ = {isa = PBXFileReference; lastKnownFileType = folder.assetcatalog; path = Assets.xcassets; sourceTree = "<group>"; };
		AC317E21253E107C00DADF91 /* Base */ = {isa = PBXFileReference; lastKnownFileType = file.storyboard; name = Base; path = Base.lproj/LaunchScreen.storyboard; sourceTree = "<group>"; };
		AC317E23253E107C00DADF91 /* Info.plist */ = {isa = PBXFileReference; lastKnownFileType = text.plist.xml; path = Info.plist; sourceTree = "<group>"; };
		AC317E2F253E11C200DADF91 /* DashboardViewController.swift */ = {isa = PBXFileReference; lastKnownFileType = sourcecode.swift; path = DashboardViewController.swift; sourceTree = "<group>"; };
		AC317E33253E11F800DADF91 /* University.swift */ = {isa = PBXFileReference; lastKnownFileType = sourcecode.swift; path = University.swift; sourceTree = "<group>"; };
		AC317E3E253F85A100DADF91 /* Model.xcdatamodel */ = {isa = PBXFileReference; lastKnownFileType = wrapper.xcdatamodel; path = Model.xcdatamodel; sourceTree = "<group>"; };
		AC317E42253F86B000DADF91 /* UniversityStore.swift */ = {isa = PBXFileReference; lastKnownFileType = sourcecode.swift; path = UniversityStore.swift; sourceTree = "<group>"; };
		AC317E45253F8DBF00DADF91 /* PersistantService.swift */ = {isa = PBXFileReference; lastKnownFileType = sourcecode.swift; path = PersistantService.swift; sourceTree = "<group>"; };
		AC4B990725484240005000B4 /* UpComingCollectionViewCell.swift */ = {isa = PBXFileReference; lastKnownFileType = sourcecode.swift; path = UpComingCollectionViewCell.swift; sourceTree = "<group>"; };
		AC59FE582548552A00032322 /* Inter-Bold-slnt=0.ttf */ = {isa = PBXFileReference; lastKnownFileType = file; path = "Inter-Bold-slnt=0.ttf"; sourceTree = "<group>"; };
		AC59FE592548552A00032322 /* Inter-ExtraLight-slnt=0.ttf */ = {isa = PBXFileReference; lastKnownFileType = file; path = "Inter-ExtraLight-slnt=0.ttf"; sourceTree = "<group>"; };
		AC59FE5A2548552A00032322 /* Inter-Black-slnt=0.ttf */ = {isa = PBXFileReference; lastKnownFileType = file; path = "Inter-Black-slnt=0.ttf"; sourceTree = "<group>"; };
		AC59FE5B2548552A00032322 /* Inter-Medium-slnt=0.ttf */ = {isa = PBXFileReference; lastKnownFileType = file; path = "Inter-Medium-slnt=0.ttf"; sourceTree = "<group>"; };
		AC59FE5C2548552A00032322 /* Inter-Regular-slnt=0.ttf */ = {isa = PBXFileReference; lastKnownFileType = file; path = "Inter-Regular-slnt=0.ttf"; sourceTree = "<group>"; };
		AC59FE5D2548552A00032322 /* Inter-Thin-slnt=0.ttf */ = {isa = PBXFileReference; lastKnownFileType = file; path = "Inter-Thin-slnt=0.ttf"; sourceTree = "<group>"; };
		AC59FE5E2548552A00032322 /* Inter-ExtraBold-slnt=0.ttf */ = {isa = PBXFileReference; lastKnownFileType = file; path = "Inter-ExtraBold-slnt=0.ttf"; sourceTree = "<group>"; };
		AC59FE5F2548552A00032322 /* Inter-SemiBold-slnt=0.ttf */ = {isa = PBXFileReference; lastKnownFileType = file; path = "Inter-SemiBold-slnt=0.ttf"; sourceTree = "<group>"; };
		AC59FE602548552A00032322 /* Inter-Light-slnt=0.ttf */ = {isa = PBXFileReference; lastKnownFileType = file; path = "Inter-Light-slnt=0.ttf"; sourceTree = "<group>"; };
		AC59FE6D254A25CE00032322 /* DeadlinesCollectionViewCell.swift */ = {isa = PBXFileReference; lastKnownFileType = sourcecode.swift; path = DeadlinesCollectionViewCell.swift; sourceTree = "<group>"; };
		AC5B228425A128DF00E3EA94 /* SelectorSingleView.swift */ = {isa = PBXFileReference; lastKnownFileType = sourcecode.swift; path = SelectorSingleView.swift; sourceTree = "<group>"; };
		AC5B228725A12DBE00E3EA94 /* OptionSelectionSingleView.xib */ = {isa = PBXFileReference; lastKnownFileType = file.xib; path = OptionSelectionSingleView.xib; sourceTree = "<group>"; };
		AC691CFC2544C77A002D41F7 /* data.json */ = {isa = PBXFileReference; fileEncoding = 4; lastKnownFileType = text.json; path = data.json; sourceTree = "<group>"; };
		AC69E92E256C68F400D64083 /* CollegeDetailViewController.swift */ = {isa = PBXFileReference; lastKnownFileType = sourcecode.swift; path = CollegeDetailViewController.swift; sourceTree = "<group>"; };
		AC69E936256C6F7500D64083 /* CollegeDetail.storyboard */ = {isa = PBXFileReference; lastKnownFileType = file.storyboard; path = CollegeDetail.storyboard; sourceTree = "<group>"; };
		AC71C08A258810CC0016AD68 /* AddDeadlineViewController.swift */ = {isa = PBXFileReference; lastKnownFileType = sourcecode.swift; path = AddDeadlineViewController.swift; sourceTree = "<group>"; };
		AC71C08B258810CC0016AD68 /* AddDeadlineViewController.xib */ = {isa = PBXFileReference; lastKnownFileType = file.xib; path = AddDeadlineViewController.xib; sourceTree = "<group>"; };
		AC71C092258811140016AD68 /* DetailDeadlinesCollectionViewCell.xib */ = {isa = PBXFileReference; fileEncoding = 4; lastKnownFileType = file.xib; path = DetailDeadlinesCollectionViewCell.xib; sourceTree = "<group>"; };
		AC71C096258811330016AD68 /* AddTaskViewController.swift */ = {isa = PBXFileReference; lastKnownFileType = sourcecode.swift; path = AddTaskViewController.swift; sourceTree = "<group>"; };
		AC71C097258811330016AD68 /* AddTaskViewController.xib */ = {isa = PBXFileReference; lastKnownFileType = file.xib; path = AddTaskViewController.xib; sourceTree = "<group>"; };
		AC7749DE259D3DCE0057BF88 /* CollegeEditViewController.swift */ = {isa = PBXFileReference; lastKnownFileType = sourcecode.swift; path = CollegeEditViewController.swift; sourceTree = "<group>"; };
		AC7749E1259D4A8C0057BF88 /* OptionSelectionView.swift */ = {isa = PBXFileReference; lastKnownFileType = sourcecode.swift; path = OptionSelectionView.swift; sourceTree = "<group>"; };
		AC7749E5259D4ACC0057BF88 /* OptionSelectionView.xib */ = {isa = PBXFileReference; lastKnownFileType = file.xib; path = OptionSelectionView.xib; sourceTree = "<group>"; };
		AC85976125A9F64000B1E0A9 /* StrikeThroughLabel.swift */ = {isa = PBXFileReference; lastKnownFileType = sourcecode.swift; path = StrikeThroughLabel.swift; sourceTree = "<group>"; };
		AC9EF9F0254CB80100728162 /* DashBoardCollegesCollectionViewCell.swift */ = {isa = PBXFileReference; lastKnownFileType = sourcecode.swift; path = DashBoardCollegesCollectionViewCell.swift; sourceTree = "<group>"; };
		ACA35EA8258C0C690081D32D /* DynamicCollectionView.swift */ = {isa = PBXFileReference; lastKnownFileType = sourcecode.swift; path = DynamicCollectionView.swift; sourceTree = "<group>"; };
		ACC74C4A2587A6D100AF1254 /* SwipableViewController.swift */ = {isa = PBXFileReference; lastKnownFileType = sourcecode.swift; path = SwipableViewController.swift; sourceTree = "<group>"; };
		ACCB170C2543570200D76512 /* UniversityFromJSON.swift */ = {isa = PBXFileReference; lastKnownFileType = sourcecode.swift; path = UniversityFromJSON.swift; sourceTree = "<group>"; };
		ACD2D5C6258ECA1500619BD4 /* Utilities.swift */ = {isa = PBXFileReference; lastKnownFileType = sourcecode.swift; path = Utilities.swift; sourceTree = "<group>"; };
		ACD2D5C9258ED06300619BD4 /* DetailEditViewController.swift */ = {isa = PBXFileReference; lastKnownFileType = sourcecode.swift; path = DetailEditViewController.swift; sourceTree = "<group>"; };
		ACDC6D59254E1B9F0037DF45 /* MyCollegesViewController.swift */ = {isa = PBXFileReference; lastKnownFileType = sourcecode.swift; path = MyCollegesViewController.swift; sourceTree = "<group>"; };
		ACDC6D60254E1DC10037DF45 /* DesignableButton.swift */ = {isa = PBXFileReference; fileEncoding = 4; lastKnownFileType = sourcecode.swift; path = DesignableButton.swift; sourceTree = "<group>"; };
		ACDC6D61254E1DC10037DF45 /* DesignableView.swift */ = {isa = PBXFileReference; fileEncoding = 4; lastKnownFileType = sourcecode.swift; path = DesignableView.swift; sourceTree = "<group>"; };
		ACDC6D66254E1E2A0037DF45 /* addCollege.storyboard */ = {isa = PBXFileReference; lastKnownFileType = file.storyboard; path = addCollege.storyboard; sourceTree = "<group>"; };
		ACDC6D69254E1E690037DF45 /* AddCollegeViewController.swift */ = {isa = PBXFileReference; fileEncoding = 4; lastKnownFileType = sourcecode.swift; path = AddCollegeViewController.swift; sourceTree = "<group>"; };
		ACF886F52560338A004A6830 /* CollegeCollectionViewCell.swift */ = {isa = PBXFileReference; lastKnownFileType = sourcecode.swift; path = CollegeCollectionViewCell.swift; sourceTree = "<group>"; };
		B15B93B0E4840F0DCC6C1279 /* Pods-uniTrack.release.xcconfig */ = {isa = PBXFileReference; includeInIndex = 1; lastKnownFileType = text.xcconfig; name = "Pods-uniTrack.release.xcconfig"; path = "Target Support Files/Pods-uniTrack/Pods-uniTrack.release.xcconfig"; sourceTree = "<group>"; };
		CF8A37A94DD9A99941576E14 /* Pods-uniTrack.debug.xcconfig */ = {isa = PBXFileReference; includeInIndex = 1; lastKnownFileType = text.xcconfig; name = "Pods-uniTrack.debug.xcconfig"; path = "Target Support Files/Pods-uniTrack/Pods-uniTrack.debug.xcconfig"; sourceTree = "<group>"; };
/* End PBXFileReference section */

/* Begin PBXFrameworksBuildPhase section */
		AC317E0F253E107B00DADF91 /* Frameworks */ = {
			isa = PBXFrameworksBuildPhase;
			buildActionMask = 2147483647;
			files = (
				73054726AF2A105DA5440BDA /* Pods_uniTrack.framework in Frameworks */,
			);
			runOnlyForDeploymentPostprocessing = 0;
		};
/* End PBXFrameworksBuildPhase section */

/* Begin PBXGroup section */
		15A3505658FEDEAAB5858CDC /* Frameworks */ = {
			isa = PBXGroup;
			children = (
				988ACBBA1988D32A139BF8B6 /* Pods_uniTrack.framework */,
			);
			name = Frameworks;
			sourceTree = "<group>";
		};
		9A7D39E4A48FC847E4B5D61C /* Pods */ = {
			isa = PBXGroup;
			children = (
				CF8A37A94DD9A99941576E14 /* Pods-uniTrack.debug.xcconfig */,
				B15B93B0E4840F0DCC6C1279 /* Pods-uniTrack.release.xcconfig */,
			);
			path = Pods;
			sourceTree = "<group>";
		};
		AC024F3B258D637C00790FD8 /* Dashboard */ = {
			isa = PBXGroup;
			children = (
				AC317E1B253E107B00DADF91 /* Main.storyboard */,
				AC317E2F253E11C200DADF91 /* DashboardViewController.swift */,
				AC59FE70254A25D800032322 /* CollectionView cells */,
			);
			path = Dashboard;
			sourceTree = "<group>";
		};
		AC024F3E258D653D00790FD8 /* Task Detail */ = {
			isa = PBXGroup;
			children = (
				AC024F44258D65C500790FD8 /* TaskDetailViewController.swift */,
				AC024F45258D65C500790FD8 /* TaskDetailViewController.xib */,
			);
			path = "Task Detail";
			sourceTree = "<group>";
		};
		AC024F4E258D65E100790FD8 /* Deadline Detail */ = {
			isa = PBXGroup;
			children = (
				AC024F49258D65D900790FD8 /* DeadlineDetailViewController.swift */,
				AC024F4A258D65D900790FD8 /* DeadlineDetailViewController.xib */,
			);
			path = "Deadline Detail";
			sourceTree = "<group>";
		};
		AC1792C92584CAC800AEE111 /* CollectionView cells */ = {
			isa = PBXGroup;
			children = (
				AC71C092258811140016AD68 /* DetailDeadlinesCollectionViewCell.xib */,
				AC1792CA2584CB0100AEE111 /* DetailDeadlinesCollectionViewCell.swift */,
				AC1792D125869D1400AEE111 /* DetailTodosCollectionViewCell.swift */,
				AC1792D225869D1400AEE111 /* DetailTodosCollectionViewCell.xib */,
			);
			path = "CollectionView cells";
			sourceTree = "<group>";
		};
		AC317E09253E107B00DADF91 = {
			isa = PBXGroup;
			children = (
				AC317E14253E107B00DADF91 /* uniTrack */,
				AC317E13253E107B00DADF91 /* Products */,
				9A7D39E4A48FC847E4B5D61C /* Pods */,
				15A3505658FEDEAAB5858CDC /* Frameworks */,
			);
			sourceTree = "<group>";
		};
		AC317E13253E107B00DADF91 /* Products */ = {
			isa = PBXGroup;
			children = (
				AC317E12253E107B00DADF91 /* uniTrack.app */,
			);
			name = Products;
			sourceTree = "<group>";
		};
		AC317E14253E107B00DADF91 /* uniTrack */ = {
			isa = PBXGroup;
			children = (
				AC4B990625484200005000B4 /* Home */,
				AC317E39253F855E00DADF91 /* System */,
				AC317E1E253E107C00DADF91 /* Assets.xcassets */,
				AC317E20253E107C00DADF91 /* LaunchScreen.storyboard */,
				AC317E23253E107C00DADF91 /* Info.plist */,
				AC317E32253E11E100DADF91 /* Models */,
				AC317E3D253F85A100DADF91 /* UniTrack.xcdatamodeld */,
				AC024F54258D793800790FD8 /* DataManager.swift */,
				AC024F58258D79A900790FD8 /* CrudStrategy.swift */,
			);
			path = uniTrack;
			sourceTree = "<group>";
		};
		AC317E32253E11E100DADF91 /* Models */ = {
			isa = PBXGroup;
			children = (
				AC9EF9F6254E142A00728162 /* JSON Decoding */,
				AC317E33253E11F800DADF91 /* University.swift */,
				AC317E42253F86B000DADF91 /* UniversityStore.swift */,
				AC1792DB2586BD7600AEE111 /* Deadline.swift */,
				AC1792DE2586BD8900AEE111 /* Task.swift */,
			);
			path = Models;
			sourceTree = "<group>";
		};
		AC317E39253F855E00DADF91 /* System */ = {
			isa = PBXGroup;
			children = (
				ACDC6D5F254E1DC10037DF45 /* Style Classes */,
				AC59FE572548551400032322 /* Fonts */,
				ACCB170225434F3500D76512 /* Data */,
				AC317E15253E107B00DADF91 /* AppDelegate.swift */,
				AC317E17253E107B00DADF91 /* SceneDelegate.swift */,
				AC317E45253F8DBF00DADF91 /* PersistantService.swift */,
			);
			path = System;
			sourceTree = "<group>";
		};
		AC4B990625484200005000B4 /* Home */ = {
			isa = PBXGroup;
			children = (
				ACC74C492587A6AD00AF1254 /* Helpers */,
				AC71C0882588107F0016AD68 /* Add task */,
				AC71C086258810670016AD68 /* Add deadline */,
				AC85C6C72599394A00B653BF /* My Colleges */,
				AC69E92D256C68B300D64083 /* College Detail */,
				ACDC6D58254E1B680037DF45 /* Add College */,
				AC024F3B258D637C00790FD8 /* Dashboard */,
			);
			path = Home;
			sourceTree = "<group>";
		};
		AC59FE572548551400032322 /* Fonts */ = {
			isa = PBXGroup;
			children = (
				AC59FE5A2548552A00032322 /* Inter-Black-slnt=0.ttf */,
				AC59FE582548552A00032322 /* Inter-Bold-slnt=0.ttf */,
				AC59FE5E2548552A00032322 /* Inter-ExtraBold-slnt=0.ttf */,
				AC59FE592548552A00032322 /* Inter-ExtraLight-slnt=0.ttf */,
				AC59FE602548552A00032322 /* Inter-Light-slnt=0.ttf */,
				AC59FE5B2548552A00032322 /* Inter-Medium-slnt=0.ttf */,
				AC59FE5C2548552A00032322 /* Inter-Regular-slnt=0.ttf */,
				AC59FE5F2548552A00032322 /* Inter-SemiBold-slnt=0.ttf */,
				AC59FE5D2548552A00032322 /* Inter-Thin-slnt=0.ttf */,
			);
			path = Fonts;
			sourceTree = "<group>";
		};
		AC59FE70254A25D800032322 /* CollectionView cells */ = {
			isa = PBXGroup;
			children = (
				AC9EF9F0254CB80100728162 /* DashBoardCollegesCollectionViewCell.swift */,
				AC4B990725484240005000B4 /* UpComingCollectionViewCell.swift */,
				AC59FE6D254A25CE00032322 /* DeadlinesCollectionViewCell.swift */,
			);
			path = "CollectionView cells";
			sourceTree = "<group>";
		};
		AC69E92D256C68B300D64083 /* College Detail */ = {
			isa = PBXGroup;
			children = (
				AC024F3E258D653D00790FD8 /* Task Detail */,
				AC024F4E258D65E100790FD8 /* Deadline Detail */,
				AC1792C92584CAC800AEE111 /* CollectionView cells */,
				AC69E92E256C68F400D64083 /* CollegeDetailViewController.swift */,
				AC7749E4259D4A920057BF88 /* Selector View */,
				AC69E936256C6F7500D64083 /* CollegeDetail.storyboard */,
				AC7749DE259D3DCE0057BF88 /* CollegeEditViewController.swift */,
			);
			path = "College Detail";
			sourceTree = "<group>";
		};
		AC71C086258810670016AD68 /* Add deadline */ = {
			isa = PBXGroup;
			children = (
				AC71C08A258810CC0016AD68 /* AddDeadlineViewController.swift */,
				AC71C08B258810CC0016AD68 /* AddDeadlineViewController.xib */,
			);
			path = "Add deadline";
			sourceTree = "<group>";
		};
		AC71C0882588107F0016AD68 /* Add task */ = {
			isa = PBXGroup;
			children = (
				AC71C096258811330016AD68 /* AddTaskViewController.swift */,
				AC71C097258811330016AD68 /* AddTaskViewController.xib */,
			);
			path = "Add task";
			sourceTree = "<group>";
		};
		AC7749E4259D4A920057BF88 /* Selector View */ = {
			isa = PBXGroup;
			children = (
				AC5B228425A128DF00E3EA94 /* SelectorSingleView.swift */,
				AC7749E1259D4A8C0057BF88 /* OptionSelectionView.swift */,
				AC7749E5259D4ACC0057BF88 /* OptionSelectionView.xib */,
				AC5B228725A12DBE00E3EA94 /* OptionSelectionSingleView.xib */,
			);
			path = "Selector View";
			sourceTree = "<group>";
		};
		AC85C6C72599394A00B653BF /* My Colleges */ = {
			isa = PBXGroup;
			children = (
				ACDC6D59254E1B9F0037DF45 /* MyCollegesViewController.swift */,
				ACF886F52560338A004A6830 /* CollegeCollectionViewCell.swift */,
			);
			path = "My Colleges";
			sourceTree = "<group>";
		};
		AC9EF9F6254E142A00728162 /* JSON Decoding */ = {
			isa = PBXGroup;
			children = (
				ACCB170C2543570200D76512 /* UniversityFromJSON.swift */,
			);
			path = "JSON Decoding";
			sourceTree = "<group>";
		};
		ACC74C492587A6AD00AF1254 /* Helpers */ = {
			isa = PBXGroup;
			children = (
				ACC74C4A2587A6D100AF1254 /* SwipableViewController.swift */,
				ACD2D5C9258ED06300619BD4 /* DetailEditViewController.swift */,
				ACD2D5C6258ECA1500619BD4 /* Utilities.swift */,
				ACA35EA8258C0C690081D32D /* DynamicCollectionView.swift */,
			);
			path = Helpers;
			sourceTree = "<group>";
		};
		ACCB170225434F3500D76512 /* Data */ = {
			isa = PBXGroup;
			children = (
				AC691CFC2544C77A002D41F7 /* data.json */,
			);
			path = Data;
			sourceTree = "<group>";
		};
		ACDC6D58254E1B680037DF45 /* Add College */ = {
			isa = PBXGroup;
			children = (
				ACDC6D69254E1E690037DF45 /* AddCollegeViewController.swift */,
				ACDC6D66254E1E2A0037DF45 /* addCollege.storyboard */,
			);
			path = "Add College";
			sourceTree = "<group>";
		};
		ACDC6D5F254E1DC10037DF45 /* Style Classes */ = {
			isa = PBXGroup;
			children = (
				ACDC6D60254E1DC10037DF45 /* DesignableButton.swift */,
				ACDC6D61254E1DC10037DF45 /* DesignableView.swift */,
				AC85976125A9F64000B1E0A9 /* StrikeThroughLabel.swift */,
			);
			path = "Style Classes";
			sourceTree = "<group>";
		};
/* End PBXGroup section */

/* Begin PBXNativeTarget section */
		AC317E11253E107B00DADF91 /* uniTrack */ = {
			isa = PBXNativeTarget;
			buildConfigurationList = AC317E26253E107C00DADF91 /* Build configuration list for PBXNativeTarget "uniTrack" */;
			buildPhases = (
				C8452D48C4D2F06F73F3EBF7 /* [CP] Check Pods Manifest.lock */,
				AC317E0E253E107B00DADF91 /* Sources */,
				AC317E0F253E107B00DADF91 /* Frameworks */,
				AC317E10253E107B00DADF91 /* Resources */,
				2D050C0141E528699909D153 /* [CP] Embed Pods Frameworks */,
			);
			buildRules = (
			);
			dependencies = (
			);
			name = uniTrack;
			productName = uniTrack;
			productReference = AC317E12253E107B00DADF91 /* uniTrack.app */;
			productType = "com.apple.product-type.application";
		};
/* End PBXNativeTarget section */

/* Begin PBXProject section */
		AC317E0A253E107B00DADF91 /* Project object */ = {
			isa = PBXProject;
			attributes = {
				LastSwiftUpdateCheck = 1200;
				LastUpgradeCheck = 1200;
				TargetAttributes = {
					AC317E11253E107B00DADF91 = {
						CreatedOnToolsVersion = 12.0.1;
					};
				};
			};
			buildConfigurationList = AC317E0D253E107B00DADF91 /* Build configuration list for PBXProject "uniTrack" */;
			compatibilityVersion = "Xcode 9.3";
			developmentRegion = en;
			hasScannedForEncodings = 0;
			knownRegions = (
				en,
				Base,
			);
			mainGroup = AC317E09253E107B00DADF91;
			productRefGroup = AC317E13253E107B00DADF91 /* Products */;
			projectDirPath = "";
			projectRoot = "";
			targets = (
				AC317E11253E107B00DADF91 /* uniTrack */,
			);
		};
/* End PBXProject section */

/* Begin PBXResourcesBuildPhase section */
		AC317E10253E107B00DADF91 /* Resources */ = {
			isa = PBXResourcesBuildPhase;
			buildActionMask = 2147483647;
			files = (
				AC59FE63254A23E700032322 /* Inter-Black-slnt=0.ttf in Resources */,
				AC59FE64254A23E700032322 /* Inter-Bold-slnt=0.ttf in Resources */,
				AC59FE65254A23E700032322 /* Inter-ExtraBold-slnt=0.ttf in Resources */,
				AC59FE66254A23E700032322 /* Inter-ExtraLight-slnt=0.ttf in Resources */,
				AC024F4C258D65D900790FD8 /* DeadlineDetailViewController.xib in Resources */,
				AC7749E6259D4ACC0057BF88 /* OptionSelectionView.xib in Resources */,
				AC59FE67254A23E700032322 /* Inter-Light-slnt=0.ttf in Resources */,
				AC5B228825A12DBE00E3EA94 /* OptionSelectionSingleView.xib in Resources */,
				AC59FE68254A23E700032322 /* Inter-Medium-slnt=0.ttf in Resources */,
				AC59FE69254A23E700032322 /* Inter-Regular-slnt=0.ttf in Resources */,
				AC59FE6A254A23E700032322 /* Inter-SemiBold-slnt=0.ttf in Resources */,
				AC71C08D258810CC0016AD68 /* AddDeadlineViewController.xib in Resources */,
				AC71C093258811140016AD68 /* DetailDeadlinesCollectionViewCell.xib in Resources */,
				AC024F47258D65C500790FD8 /* TaskDetailViewController.xib in Resources */,
				AC59FE6B254A23E700032322 /* Inter-Thin-slnt=0.ttf in Resources */,
				AC317E22253E107C00DADF91 /* LaunchScreen.storyboard in Resources */,
				AC69E937256C6F7500D64083 /* CollegeDetail.storyboard in Resources */,
				AC1792D425869D1400AEE111 /* DetailTodosCollectionViewCell.xib in Resources */,
				AC317E1F253E107C00DADF91 /* Assets.xcassets in Resources */,
				AC317E1D253E107B00DADF91 /* Main.storyboard in Resources */,
				ACDC6D67254E1E2A0037DF45 /* addCollege.storyboard in Resources */,
				AC691CFD2544C77A002D41F7 /* data.json in Resources */,
				AC71C099258811330016AD68 /* AddTaskViewController.xib in Resources */,
			);
			runOnlyForDeploymentPostprocessing = 0;
		};
/* End PBXResourcesBuildPhase section */

/* Begin PBXShellScriptBuildPhase section */
		2D050C0141E528699909D153 /* [CP] Embed Pods Frameworks */ = {
			isa = PBXShellScriptBuildPhase;
			buildActionMask = 2147483647;
			files = (
			);
			inputFileListPaths = (
				"${PODS_ROOT}/Target Support Files/Pods-uniTrack/Pods-uniTrack-frameworks-${CONFIGURATION}-input-files.xcfilelist",
			);
			name = "[CP] Embed Pods Frameworks";
			outputFileListPaths = (
				"${PODS_ROOT}/Target Support Files/Pods-uniTrack/Pods-uniTrack-frameworks-${CONFIGURATION}-output-files.xcfilelist",
			);
			runOnlyForDeploymentPostprocessing = 0;
			shellPath = /bin/sh;
			shellScript = "\"${PODS_ROOT}/Target Support Files/Pods-uniTrack/Pods-uniTrack-frameworks.sh\"\n";
			showEnvVarsInLog = 0;
		};
		C8452D48C4D2F06F73F3EBF7 /* [CP] Check Pods Manifest.lock */ = {
			isa = PBXShellScriptBuildPhase;
			buildActionMask = 2147483647;
			files = (
			);
			inputFileListPaths = (
			);
			inputPaths = (
				"${PODS_PODFILE_DIR_PATH}/Podfile.lock",
				"${PODS_ROOT}/Manifest.lock",
			);
			name = "[CP] Check Pods Manifest.lock";
			outputFileListPaths = (
			);
			outputPaths = (
				"$(DERIVED_FILE_DIR)/Pods-uniTrack-checkManifestLockResult.txt",
			);
			runOnlyForDeploymentPostprocessing = 0;
			shellPath = /bin/sh;
			shellScript = "diff \"${PODS_PODFILE_DIR_PATH}/Podfile.lock\" \"${PODS_ROOT}/Manifest.lock\" > /dev/null\nif [ $? != 0 ] ; then\n    # print error to STDERR\n    echo \"error: The sandbox is not in sync with the Podfile.lock. Run 'pod install' or update your CocoaPods installation.\" >&2\n    exit 1\nfi\n# This output is used by Xcode 'outputs' to avoid re-running this script phase.\necho \"SUCCESS\" > \"${SCRIPT_OUTPUT_FILE_0}\"\n";
			showEnvVarsInLog = 0;
		};
/* End PBXShellScriptBuildPhase section */

/* Begin PBXSourcesBuildPhase section */
		AC317E0E253E107B00DADF91 /* Sources */ = {
			isa = PBXSourcesBuildPhase;
			buildActionMask = 2147483647;
			files = (
				ACDC6D5A254E1B9F0037DF45 /* MyCollegesViewController.swift in Sources */,
				AC71C098258811330016AD68 /* AddTaskViewController.swift in Sources */,
				AC9EF9F1254CB80100728162 /* DashBoardCollegesCollectionViewCell.swift in Sources */,
				AC317E16253E107B00DADF91 /* AppDelegate.swift in Sources */,
				AC1792DC2586BD7600AEE111 /* Deadline.swift in Sources */,
				AC024F59258D79A900790FD8 /* CrudStrategy.swift in Sources */,
				AC317E34253E11F800DADF91 /* University.swift in Sources */,
				ACDC6D63254E1DC10037DF45 /* DesignableView.swift in Sources */,
				ACD2D5CA258ED06300619BD4 /* DetailEditViewController.swift in Sources */,
				ACA35EA9258C0C690081D32D /* DynamicCollectionView.swift in Sources */,
				ACDC6D6A254E1E690037DF45 /* AddCollegeViewController.swift in Sources */,
				AC71C08C258810CC0016AD68 /* AddDeadlineViewController.swift in Sources */,
				AC317E46253F8DBF00DADF91 /* PersistantService.swift in Sources */,
				AC69E92F256C68F400D64083 /* CollegeDetailViewController.swift in Sources */,
				ACCB170D2543570200D76512 /* UniversityFromJSON.swift in Sources */,
				AC5B228525A128DF00E3EA94 /* SelectorSingleView.swift in Sources */,
				AC1792D325869D1400AEE111 /* DetailTodosCollectionViewCell.swift in Sources */,
				ACC74C4B2587A6D100AF1254 /* SwipableViewController.swift in Sources */,
				AC59FE6E254A25CE00032322 /* DeadlinesCollectionViewCell.swift in Sources */,
				AC317E18253E107B00DADF91 /* SceneDelegate.swift in Sources */,
				ACD2D5C7258ECA1500619BD4 /* Utilities.swift in Sources */,
				AC317E3F253F85A100DADF91 /* UniTrack.xcdatamodeld in Sources */,
				AC4B990825484240005000B4 /* UpComingCollectionViewCell.swift in Sources */,
				ACF886F62560338A004A6830 /* CollegeCollectionViewCell.swift in Sources */,
				ACDC6D62254E1DC10037DF45 /* DesignableButton.swift in Sources */,
				AC317E30253E11C200DADF91 /* DashboardViewController.swift in Sources */,
				AC024F55258D793800790FD8 /* DataManager.swift in Sources */,
				AC7749DF259D3DCE0057BF88 /* CollegeEditViewController.swift in Sources */,
				AC024F4B258D65D900790FD8 /* DeadlineDetailViewController.swift in Sources */,
				AC7749E2259D4A8C0057BF88 /* OptionSelectionView.swift in Sources */,
				AC024F46258D65C500790FD8 /* TaskDetailViewController.swift in Sources */,
				AC85976225A9F64000B1E0A9 /* StrikeThroughLabel.swift in Sources */,
				AC317E43253F86B000DADF91 /* UniversityStore.swift in Sources */,
				AC1792DF2586BD8900AEE111 /* Task.swift in Sources */,
				AC1792CC2584CB0100AEE111 /* DetailDeadlinesCollectionViewCell.swift in Sources */,
			);
			runOnlyForDeploymentPostprocessing = 0;
		};
/* End PBXSourcesBuildPhase section */

/* Begin PBXVariantGroup section */
		AC317E1B253E107B00DADF91 /* Main.storyboard */ = {
			isa = PBXVariantGroup;
			children = (
				AC317E1C253E107B00DADF91 /* Base */,
			);
			name = Main.storyboard;
			sourceTree = "<group>";
		};
		AC317E20253E107C00DADF91 /* LaunchScreen.storyboard */ = {
			isa = PBXVariantGroup;
			children = (
				AC317E21253E107C00DADF91 /* Base */,
			);
			name = LaunchScreen.storyboard;
			sourceTree = "<group>";
		};
/* End PBXVariantGroup section */

/* Begin XCBuildConfiguration section */
		AC317E24253E107C00DADF91 /* Debug */ = {
			isa = XCBuildConfiguration;
			buildSettings = {
				ALWAYS_SEARCH_USER_PATHS = NO;
				CLANG_ANALYZER_NONNULL = YES;
				CLANG_ANALYZER_NUMBER_OBJECT_CONVERSION = YES_AGGRESSIVE;
				CLANG_CXX_LANGUAGE_STANDARD = "gnu++14";
				CLANG_CXX_LIBRARY = "libc++";
				CLANG_ENABLE_MODULES = YES;
				CLANG_ENABLE_OBJC_ARC = YES;
				CLANG_ENABLE_OBJC_WEAK = YES;
				CLANG_WARN_BLOCK_CAPTURE_AUTORELEASING = YES;
				CLANG_WARN_BOOL_CONVERSION = YES;
				CLANG_WARN_COMMA = YES;
				CLANG_WARN_CONSTANT_CONVERSION = YES;
				CLANG_WARN_DEPRECATED_OBJC_IMPLEMENTATIONS = YES;
				CLANG_WARN_DIRECT_OBJC_ISA_USAGE = YES_ERROR;
				CLANG_WARN_DOCUMENTATION_COMMENTS = YES;
				CLANG_WARN_EMPTY_BODY = YES;
				CLANG_WARN_ENUM_CONVERSION = YES;
				CLANG_WARN_INFINITE_RECURSION = YES;
				CLANG_WARN_INT_CONVERSION = YES;
				CLANG_WARN_NON_LITERAL_NULL_CONVERSION = YES;
				CLANG_WARN_OBJC_IMPLICIT_RETAIN_SELF = YES;
				CLANG_WARN_OBJC_LITERAL_CONVERSION = YES;
				CLANG_WARN_OBJC_ROOT_CLASS = YES_ERROR;
				CLANG_WARN_QUOTED_INCLUDE_IN_FRAMEWORK_HEADER = YES;
				CLANG_WARN_RANGE_LOOP_ANALYSIS = YES;
				CLANG_WARN_STRICT_PROTOTYPES = YES;
				CLANG_WARN_SUSPICIOUS_MOVE = YES;
				CLANG_WARN_UNGUARDED_AVAILABILITY = YES_AGGRESSIVE;
				CLANG_WARN_UNREACHABLE_CODE = YES;
				CLANG_WARN__DUPLICATE_METHOD_MATCH = YES;
				COPY_PHASE_STRIP = NO;
				DEBUG_INFORMATION_FORMAT = dwarf;
				ENABLE_STRICT_OBJC_MSGSEND = YES;
				ENABLE_TESTABILITY = YES;
				GCC_C_LANGUAGE_STANDARD = gnu11;
				GCC_DYNAMIC_NO_PIC = NO;
				GCC_NO_COMMON_BLOCKS = YES;
				GCC_OPTIMIZATION_LEVEL = 0;
				GCC_PREPROCESSOR_DEFINITIONS = (
					"DEBUG=1",
					"$(inherited)",
				);
				GCC_WARN_64_TO_32_BIT_CONVERSION = YES;
				GCC_WARN_ABOUT_RETURN_TYPE = YES_ERROR;
				GCC_WARN_UNDECLARED_SELECTOR = YES;
				GCC_WARN_UNINITIALIZED_AUTOS = YES_AGGRESSIVE;
				GCC_WARN_UNUSED_FUNCTION = YES;
				GCC_WARN_UNUSED_VARIABLE = YES;
				IPHONEOS_DEPLOYMENT_TARGET = 14.0;
				MTL_ENABLE_DEBUG_INFO = INCLUDE_SOURCE;
				MTL_FAST_MATH = YES;
				ONLY_ACTIVE_ARCH = YES;
				SDKROOT = iphoneos;
				SWIFT_ACTIVE_COMPILATION_CONDITIONS = DEBUG;
				SWIFT_OPTIMIZATION_LEVEL = "-Onone";
			};
			name = Debug;
		};
		AC317E25253E107C00DADF91 /* Release */ = {
			isa = XCBuildConfiguration;
			buildSettings = {
				ALWAYS_SEARCH_USER_PATHS = NO;
				CLANG_ANALYZER_NONNULL = YES;
				CLANG_ANALYZER_NUMBER_OBJECT_CONVERSION = YES_AGGRESSIVE;
				CLANG_CXX_LANGUAGE_STANDARD = "gnu++14";
				CLANG_CXX_LIBRARY = "libc++";
				CLANG_ENABLE_MODULES = YES;
				CLANG_ENABLE_OBJC_ARC = YES;
				CLANG_ENABLE_OBJC_WEAK = YES;
				CLANG_WARN_BLOCK_CAPTURE_AUTORELEASING = YES;
				CLANG_WARN_BOOL_CONVERSION = YES;
				CLANG_WARN_COMMA = YES;
				CLANG_WARN_CONSTANT_CONVERSION = YES;
				CLANG_WARN_DEPRECATED_OBJC_IMPLEMENTATIONS = YES;
				CLANG_WARN_DIRECT_OBJC_ISA_USAGE = YES_ERROR;
				CLANG_WARN_DOCUMENTATION_COMMENTS = YES;
				CLANG_WARN_EMPTY_BODY = YES;
				CLANG_WARN_ENUM_CONVERSION = YES;
				CLANG_WARN_INFINITE_RECURSION = YES;
				CLANG_WARN_INT_CONVERSION = YES;
				CLANG_WARN_NON_LITERAL_NULL_CONVERSION = YES;
				CLANG_WARN_OBJC_IMPLICIT_RETAIN_SELF = YES;
				CLANG_WARN_OBJC_LITERAL_CONVERSION = YES;
				CLANG_WARN_OBJC_ROOT_CLASS = YES_ERROR;
				CLANG_WARN_QUOTED_INCLUDE_IN_FRAMEWORK_HEADER = YES;
				CLANG_WARN_RANGE_LOOP_ANALYSIS = YES;
				CLANG_WARN_STRICT_PROTOTYPES = YES;
				CLANG_WARN_SUSPICIOUS_MOVE = YES;
				CLANG_WARN_UNGUARDED_AVAILABILITY = YES_AGGRESSIVE;
				CLANG_WARN_UNREACHABLE_CODE = YES;
				CLANG_WARN__DUPLICATE_METHOD_MATCH = YES;
				COPY_PHASE_STRIP = NO;
				DEBUG_INFORMATION_FORMAT = "dwarf-with-dsym";
				ENABLE_NS_ASSERTIONS = NO;
				ENABLE_STRICT_OBJC_MSGSEND = YES;
				GCC_C_LANGUAGE_STANDARD = gnu11;
				GCC_NO_COMMON_BLOCKS = YES;
				GCC_WARN_64_TO_32_BIT_CONVERSION = YES;
				GCC_WARN_ABOUT_RETURN_TYPE = YES_ERROR;
				GCC_WARN_UNDECLARED_SELECTOR = YES;
				GCC_WARN_UNINITIALIZED_AUTOS = YES_AGGRESSIVE;
				GCC_WARN_UNUSED_FUNCTION = YES;
				GCC_WARN_UNUSED_VARIABLE = YES;
				IPHONEOS_DEPLOYMENT_TARGET = 14.0;
				MTL_ENABLE_DEBUG_INFO = NO;
				MTL_FAST_MATH = YES;
				SDKROOT = iphoneos;
				SWIFT_COMPILATION_MODE = wholemodule;
				SWIFT_OPTIMIZATION_LEVEL = "-O";
				VALIDATE_PRODUCT = YES;
			};
			name = Release;
		};
		AC317E27253E107C00DADF91 /* Debug */ = {
			isa = XCBuildConfiguration;
			baseConfigurationReference = CF8A37A94DD9A99941576E14 /* Pods-uniTrack.debug.xcconfig */;
			buildSettings = {
				ASSETCATALOG_COMPILER_APPICON_NAME = AppIcon;
				ASSETCATALOG_COMPILER_GLOBAL_ACCENT_COLOR_NAME = AccentColor;
				CODE_SIGN_STYLE = Automatic;
				DEVELOPMENT_TEAM = 3QB6J5BDUW;
				INFOPLIST_FILE = uniTrack/Info.plist;
				LD_RUNPATH_SEARCH_PATHS = (
					"$(inherited)",
					"@executable_path/Frameworks",
				);
				PRODUCT_BUNDLE_IDENTIFIER = com.sfra.uniTrack;
				PRODUCT_NAME = "$(TARGET_NAME)";
				SWIFT_VERSION = 5.0;
				TARGETED_DEVICE_FAMILY = 1;
			};
			name = Debug;
		};
		AC317E28253E107C00DADF91 /* Release */ = {
			isa = XCBuildConfiguration;
			baseConfigurationReference = B15B93B0E4840F0DCC6C1279 /* Pods-uniTrack.release.xcconfig */;
			buildSettings = {
				ASSETCATALOG_COMPILER_APPICON_NAME = AppIcon;
				ASSETCATALOG_COMPILER_GLOBAL_ACCENT_COLOR_NAME = AccentColor;
				CODE_SIGN_STYLE = Automatic;
				DEVELOPMENT_TEAM = 3QB6J5BDUW;
				INFOPLIST_FILE = uniTrack/Info.plist;
				LD_RUNPATH_SEARCH_PATHS = (
					"$(inherited)",
					"@executable_path/Frameworks",
				);
				PRODUCT_BUNDLE_IDENTIFIER = com.sfra.uniTrack;
				PRODUCT_NAME = "$(TARGET_NAME)";
				SWIFT_VERSION = 5.0;
				TARGETED_DEVICE_FAMILY = 1;
			};
			name = Release;
		};
/* End XCBuildConfiguration section */

/* Begin XCConfigurationList section */
		AC317E0D253E107B00DADF91 /* Build configuration list for PBXProject "uniTrack" */ = {
			isa = XCConfigurationList;
			buildConfigurations = (
				AC317E24253E107C00DADF91 /* Debug */,
				AC317E25253E107C00DADF91 /* Release */,
			);
			defaultConfigurationIsVisible = 0;
			defaultConfigurationName = Release;
		};
		AC317E26253E107C00DADF91 /* Build configuration list for PBXNativeTarget "uniTrack" */ = {
			isa = XCConfigurationList;
			buildConfigurations = (
				AC317E27253E107C00DADF91 /* Debug */,
				AC317E28253E107C00DADF91 /* Release */,
			);
			defaultConfigurationIsVisible = 0;
			defaultConfigurationName = Release;
		};
/* End XCConfigurationList section */

/* Begin XCVersionGroup section */
		AC317E3D253F85A100DADF91 /* UniTrack.xcdatamodeld */ = {
			isa = XCVersionGroup;
			children = (
				AC317E3E253F85A100DADF91 /* Model.xcdatamodel */,
			);
			currentVersion = AC317E3E253F85A100DADF91 /* Model.xcdatamodel */;
			path = UniTrack.xcdatamodeld;
			sourceTree = "<group>";
			versionGroupType = wrapper.xcdatamodel;
		};
/* End XCVersionGroup section */
	};
	rootObject = AC317E0A253E107B00DADF91 /* Project object */;
}
